Microsoft Visual Studio Solution File, Format Version 12.00
# Visual Studio Version 17
VisualStudioVersion = 17.5.2.0
MinimumVisualStudioVersion = 10.0.40219.1
Project("{FAE04EC0-301F-11D3-BF4B-00C04F79EFBC}") = "GameApp", "GameApp.csproj", "{0F0D120E-3145-83B8-4262-932F171A06C0}"
EndProject
Global
	GlobalSection(SolutionConfigurationPlatforms) = preSolution
		Debug|Any CPU = Debug|Any CPU
		Release|Any CPU = Release|Any CPU
	EndGlobalSection
	GlobalSection(ProjectConfigurationPlatforms) = postSolution
		{0F0D120E-3145-83B8-4262-932F171A06C0}.Debug|Any CPU.ActiveCfg = Debug|Any CPU
		{0F0D120E-3145-83B8-4262-932F171A06C0}.Debug|Any CPU.Build.0 = Debug|Any CPU
		{0F0D120E-3145-83B8-4262-932F171A06C0}.Release|Any CPU.ActiveCfg = Release|Any CPU
		{0F0D120E-3145-83B8-4262-932F171A06C0}.Release|Any CPU.Build.0 = Release|Any CPU
	EndGlobalSection
	GlobalSection(SolutionProperties) = preSolution
		HideSolutionNode = FALSE
	EndGlobalSection
	GlobalSection(ExtensibilityGlobals) = postSolution
		SolutionGuid = {1A7172CA-9E88-49D3-A38E-863DB09949E2}
	EndGlobalSection
EndGlobal
